// !$*UTF8*$!
{
	archiveVersion = 1;
	classes = {
	};
	objectVersion = 56;
	objects = {

/* Begin PBXBuildFile section */
		316B78AB2C708515007716E3 /* AppDelegate.swift in Sources */ = {isa = PBXBuildFile; fileRef = 316B78AA2C708515007716E3 /* AppDelegate.swift */; };
		316B78AD2C708515007716E3 /* SceneDelegate.swift in Sources */ = {isa = PBXBuildFile; fileRef = 316B78AC2C708515007716E3 /* SceneDelegate.swift */; };
		316B78AF2C708515007716E3 /* ConversationViewController.swift in Sources */ = {isa = PBXBuildFile; fileRef = 316B78AE2C708515007716E3 /* ConversationViewController.swift */; };
		316B78B22C708515007716E3 /* Base in Resources */ = {isa = PBXBuildFile; fileRef = 316B78B12C708515007716E3 /* Base */; };
		316B78B42C708519007716E3 /* Assets.xcassets in Resources */ = {isa = PBXBuildFile; fileRef = 316B78B32C708519007716E3 /* Assets.xcassets */; };
		316B78B72C708519007716E3 /* Base in Resources */ = {isa = PBXBuildFile; fileRef = 316B78B62C708519007716E3 /* Base */; };
		316B78C92C709ED5007716E3 /* PhotoViewerViewController.swift in Sources */ = {isa = PBXBuildFile; fileRef = 316B78C82C709ED5007716E3 /* PhotoViewerViewController.swift */; };
		316B78CB2C709EE8007716E3 /* VideoPlayerViewController.swift in Sources */ = {isa = PBXBuildFile; fileRef = 316B78CA2C709EE8007716E3 /* VideoPlayerViewController.swift */; };
		316B78CD2C709FC0007716E3 /* NewConversationViewController.swift in Sources */ = {isa = PBXBuildFile; fileRef = 316B78CC2C709FC0007716E3 /* NewConversationViewController.swift */; };
		316B78CF2C709FDB007716E3 /* ProfileViewController.swift in Sources */ = {isa = PBXBuildFile; fileRef = 316B78CE2C709FDB007716E3 /* ProfileViewController.swift */; };
		316B78D92C70A749007716E3 /* RegistrationViewController.swift in Sources */ = {isa = PBXBuildFile; fileRef = 316B78D82C70A749007716E3 /* RegistrationViewController.swift */; };
		316B78DB2C70A756007716E3 /* LoginViewController.swift in Sources */ = {isa = PBXBuildFile; fileRef = 316B78DA2C70A756007716E3 /* LoginViewController.swift */; };
		31B0124C2C9C1F0A0095C3EF /* ChatViewController.swift in Sources */ = {isa = PBXBuildFile; fileRef = 31B0124B2C9C1F0A0095C3EF /* ChatViewController.swift */; };
		31C10E772C7F6ACF00CC6664 /* DatabaseManager.swift in Sources */ = {isa = PBXBuildFile; fileRef = 31C10E762C7F6ACF00CC6664 /* DatabaseManager.swift */; };
		31C540B82C746DF000015E07 /* Extensions.swift in Sources */ = {isa = PBXBuildFile; fileRef = 31C540B72C746DF000015E07 /* Extensions.swift */; };
		31CB249D2C806EFE005E12EE /* ChatAppUser.swift in Sources */ = {isa = PBXBuildFile; fileRef = 31CB249C2C806EFE005E12EE /* ChatAppUser.swift */; };
		31F6CDE12C833BB70052B739 /* Pods_ChatApplication.framework in Frameworks */ = {isa = PBXBuildFile; fileRef = 65132BA92F3E0A9578D5566C /* Pods_ChatApplication.framework */; };
		31FB6C052C8F1EDE00CEBFBC /* GoogleService-Info.plist in Resources */ = {isa = PBXBuildFile; fileRef = 31FB6C042C8F1EDE00CEBFBC /* GoogleService-Info.plist */; };
/* End PBXBuildFile section */

/* Begin PBXFileReference section */
		316B78A72C708515007716E3 /* ChatApplication.app */ = {isa = PBXFileReference; explicitFileType = wrapper.application; includeInIndex = 0; path = ChatApplication.app; sourceTree = BUILT_PRODUCTS_DIR; };
		316B78AA2C708515007716E3 /* AppDelegate.swift */ = {isa = PBXFileReference; lastKnownFileType = sourcecode.swift; path = AppDelegate.swift; sourceTree = "<group>"; };
		316B78AC2C708515007716E3 /* SceneDelegate.swift */ = {isa = PBXFileReference; lastKnownFileType = sourcecode.swift; path = SceneDelegate.swift; sourceTree = "<group>"; };
		316B78AE2C708515007716E3 /* ConversationViewController.swift */ = {isa = PBXFileReference; lastKnownFileType = sourcecode.swift; path = ConversationViewController.swift; sourceTree = "<group>"; };
		316B78B12C708515007716E3 /* Base */ = {isa = PBXFileReference; lastKnownFileType = file.storyboard; name = Base; path = Base.lproj/Main.storyboard; sourceTree = "<group>"; };
		316B78B32C708519007716E3 /* Assets.xcassets */ = {isa = PBXFileReference; lastKnownFileType = folder.assetcatalog; path = Assets.xcassets; sourceTree = "<group>"; };
		316B78B62C708519007716E3 /* Base */ = {isa = PBXFileReference; lastKnownFileType = file.storyboard; name = Base; path = Base.lproj/LaunchScreen.storyboard; sourceTree = "<group>"; };
		316B78B82C708519007716E3 /* Info.plist */ = {isa = PBXFileReference; lastKnownFileType = text.plist.xml; path = Info.plist; sourceTree = "<group>"; };
		316B78C82C709ED5007716E3 /* PhotoViewerViewController.swift */ = {isa = PBXFileReference; lastKnownFileType = sourcecode.swift; path = PhotoViewerViewController.swift; sourceTree = "<group>"; };
		316B78CA2C709EE8007716E3 /* VideoPlayerViewController.swift */ = {isa = PBXFileReference; lastKnownFileType = sourcecode.swift; path = VideoPlayerViewController.swift; sourceTree = "<group>"; };
		316B78CC2C709FC0007716E3 /* NewConversationViewController.swift */ = {isa = PBXFileReference; lastKnownFileType = sourcecode.swift; path = NewConversationViewController.swift; sourceTree = "<group>"; };
		316B78CE2C709FDB007716E3 /* ProfileViewController.swift */ = {isa = PBXFileReference; lastKnownFileType = sourcecode.swift; path = ProfileViewController.swift; sourceTree = "<group>"; };
		316B78D82C70A749007716E3 /* RegistrationViewController.swift */ = {isa = PBXFileReference; lastKnownFileType = sourcecode.swift; path = RegistrationViewController.swift; sourceTree = "<group>"; };
		316B78DA2C70A756007716E3 /* LoginViewController.swift */ = {isa = PBXFileReference; lastKnownFileType = sourcecode.swift; path = LoginViewController.swift; sourceTree = "<group>"; };
		31B0124B2C9C1F0A0095C3EF /* ChatViewController.swift */ = {isa = PBXFileReference; fileEncoding = 4; lastKnownFileType = sourcecode.swift; path = ChatViewController.swift; sourceTree = "<group>"; };
		31C10E762C7F6ACF00CC6664 /* DatabaseManager.swift */ = {isa = PBXFileReference; lastKnownFileType = sourcecode.swift; path = DatabaseManager.swift; sourceTree = "<group>"; };
		31C540B72C746DF000015E07 /* Extensions.swift */ = {isa = PBXFileReference; lastKnownFileType = sourcecode.swift; path = Extensions.swift; sourceTree = "<group>"; };
		31CB249C2C806EFE005E12EE /* ChatAppUser.swift */ = {isa = PBXFileReference; lastKnownFileType = sourcecode.swift; path = ChatAppUser.swift; sourceTree = "<group>"; };
		31F6CDE02C8338D50052B739 /* ChatApplication.entitlements */ = {isa = PBXFileReference; lastKnownFileType = text.plist.entitlements; path = ChatApplication.entitlements; sourceTree = "<group>"; };
		31FB6C042C8F1EDE00CEBFBC /* GoogleService-Info.plist */ = {isa = PBXFileReference; fileEncoding = 4; lastKnownFileType = text.plist.xml; path = "GoogleService-Info.plist"; sourceTree = "<group>"; };
		65132BA92F3E0A9578D5566C /* Pods_ChatApplication.framework */ = {isa = PBXFileReference; explicitFileType = wrapper.framework; includeInIndex = 0; path = Pods_ChatApplication.framework; sourceTree = BUILT_PRODUCTS_DIR; };
		BFAC3EEA8BA6DEA6A7FF11AD /* Pods-ChatApplication.debug.xcconfig */ = {isa = PBXFileReference; includeInIndex = 1; lastKnownFileType = text.xcconfig; name = "Pods-ChatApplication.debug.xcconfig"; path = "Target Support Files/Pods-ChatApplication/Pods-ChatApplication.debug.xcconfig"; sourceTree = "<group>"; };
		EE6FFD250D9C07F8EFCACD85 /* Pods-ChatApplication.release.xcconfig */ = {isa = PBXFileReference; includeInIndex = 1; lastKnownFileType = text.xcconfig; name = "Pods-ChatApplication.release.xcconfig"; path = "Target Support Files/Pods-ChatApplication/Pods-ChatApplication.release.xcconfig"; sourceTree = "<group>"; };
/* End PBXFileReference section */

/* Begin PBXFrameworksBuildPhase section */
		316B78A42C708515007716E3 /* Frameworks */ = {
			isa = PBXFrameworksBuildPhase;
			buildActionMask = 2147483647;
			files = (
				31F6CDE12C833BB70052B739 /* Pods_ChatApplication.framework in Frameworks */,
			);
			runOnlyForDeploymentPostprocessing = 0;
		};
/* End PBXFrameworksBuildPhase section */

/* Begin PBXGroup section */
		316B789E2C708515007716E3 = {
			isa = PBXGroup;
			children = (
				316B78A92C708515007716E3 /* ChatApplication */,
				316B78A82C708515007716E3 /* Products */,
				40D5953A04C46FAC1B1924AE /* Pods */,
				853035EC836102AECD879378 /* Frameworks */,
			);
			sourceTree = "<group>";
		};
		316B78A82C708515007716E3 /* Products */ = {
			isa = PBXGroup;
			children = (
				316B78A72C708515007716E3 /* ChatApplication.app */,
			);
			name = Products;
			sourceTree = "<group>";
		};
		316B78A92C708515007716E3 /* ChatApplication */ = {
			isa = PBXGroup;
			children = (
				31F6CDE02C8338D50052B739 /* ChatApplication.entitlements */,
				316B78C32C70997F007716E3 /* Views */,
				316B78C22C7098C8007716E3 /* StoryBoard */,
				316B78C12C709898007716E3 /* Controllers */,
				316B78C02C70988F007716E3 /* Models */,
				316B78BF2C709884007716E3 /* ViewModels */,
				316B78BE2C7097C8007716E3 /* Resources */,
				316B78B82C708519007716E3 /* Info.plist */,
				31FB6C042C8F1EDE00CEBFBC /* GoogleService-Info.plist */,
			);
			path = ChatApplication;
			sourceTree = "<group>";
		};
		316B78BE2C7097C8007716E3 /* Resources */ = {
			isa = PBXGroup;
			children = (
				316B78AA2C708515007716E3 /* AppDelegate.swift */,
				316B78AC2C708515007716E3 /* SceneDelegate.swift */,
				31C540B72C746DF000015E07 /* Extensions.swift */,
				31C10E762C7F6ACF00CC6664 /* DatabaseManager.swift */,
			);
			path = Resources;
			sourceTree = "<group>";
		};
		316B78BF2C709884007716E3 /* ViewModels */ = {
			isa = PBXGroup;
			children = (
			);
			path = ViewModels;
			sourceTree = "<group>";
		};
		316B78C02C70988F007716E3 /* Models */ = {
			isa = PBXGroup;
			children = (
				31CB249C2C806EFE005E12EE /* ChatAppUser.swift */,
			);
			path = Models;
			sourceTree = "<group>";
		};
		316B78C12C709898007716E3 /* Controllers */ = {
			isa = PBXGroup;
			children = (
				316B78AE2C708515007716E3 /* ConversationViewController.swift */,
				31B0124B2C9C1F0A0095C3EF /* ChatViewController.swift */,
				316B78C82C709ED5007716E3 /* PhotoViewerViewController.swift */,
				316B78CA2C709EE8007716E3 /* VideoPlayerViewController.swift */,
				316B78CC2C709FC0007716E3 /* NewConversationViewController.swift */,
				316B78CE2C709FDB007716E3 /* ProfileViewController.swift */,
				316B78D82C70A749007716E3 /* RegistrationViewController.swift */,
				316B78DA2C70A756007716E3 /* LoginViewController.swift */,
			);
			path = Controllers;
			sourceTree = "<group>";
		};
		316B78C22C7098C8007716E3 /* StoryBoard */ = {
			isa = PBXGroup;
			children = (
			);
			path = StoryBoard;
			sourceTree = "<group>";
		};
		316B78C32C70997F007716E3 /* Views */ = {
			isa = PBXGroup;
			children = (
				316B78B02C708515007716E3 /* Main.storyboard */,
				316B78B52C708519007716E3 /* LaunchScreen.storyboard */,
				316B78B32C708519007716E3 /* Assets.xcassets */,
			);
			path = Views;
			sourceTree = "<group>";
		};
		40D5953A04C46FAC1B1924AE /* Pods */ = {
			isa = PBXGroup;
			children = (
				BFAC3EEA8BA6DEA6A7FF11AD /* Pods-ChatApplication.debug.xcconfig */,
				EE6FFD250D9C07F8EFCACD85 /* Pods-ChatApplication.release.xcconfig */,
			);
			path = Pods;
			sourceTree = "<group>";
		};
		853035EC836102AECD879378 /* Frameworks */ = {
			isa = PBXGroup;
			children = (
				65132BA92F3E0A9578D5566C /* Pods_ChatApplication.framework */,
			);
			name = Frameworks;
			sourceTree = "<group>";
		};
/* End PBXGroup section */

/* Begin PBXNativeTarget section */
		316B78A62C708515007716E3 /* ChatApplication */ = {
			isa = PBXNativeTarget;
			buildConfigurationList = 316B78BB2C708519007716E3 /* Build configuration list for PBXNativeTarget "ChatApplication" */;
			buildPhases = (
				BEEEF1BAE3CDE2B04ACCA109 /* [CP] Check Pods Manifest.lock */,
				316B78A32C708515007716E3 /* Sources */,
				316B78A42C708515007716E3 /* Frameworks */,
				316B78A52C708515007716E3 /* Resources */,
				B5DFE38C158F0B03E905043F /* [CP] Embed Pods Frameworks */,
				619794772CCA3C2113B482C3 /* [CP] Copy Pods Resources */,
			);
			buildRules = (
			);
			dependencies = (
			);
			name = ChatApplication;
			productName = ChatApplication;
			productReference = 316B78A72C708515007716E3 /* ChatApplication.app */;
			productType = "com.apple.product-type.application";
		};
/* End PBXNativeTarget section */

/* Begin PBXProject section */
		316B789F2C708515007716E3 /* Project object */ = {
			isa = PBXProject;
			attributes = {
				BuildIndependentTargetsInParallel = 1;
				LastSwiftUpdateCheck = 1540;
				LastUpgradeCheck = 1540;
				TargetAttributes = {
					316B78A62C708515007716E3 = {
						CreatedOnToolsVersion = 15.4;
					};
				};
			};
			buildConfigurationList = 316B78A22C708515007716E3 /* Build configuration list for PBXProject "ChatApplication" */;
			compatibilityVersion = "Xcode 14.0";
			developmentRegion = en;
			hasScannedForEncodings = 0;
			knownRegions = (
				en,
				Base,
			);
			mainGroup = 316B789E2C708515007716E3;
			packageReferences = (
				31F6CDDF2C8333980052B739 /* XCRemoteSwiftPackageReference "facebook-ios-sdk" */,
			);
			productRefGroup = 316B78A82C708515007716E3 /* Products */;
			projectDirPath = "";
			projectRoot = "";
			targets = (
				316B78A62C708515007716E3 /* ChatApplication */,
			);
		};
/* End PBXProject section */

/* Begin PBXResourcesBuildPhase section */
		316B78A52C708515007716E3 /* Resources */ = {
			isa = PBXResourcesBuildPhase;
			buildActionMask = 2147483647;
			files = (
				316B78B42C708519007716E3 /* Assets.xcassets in Resources */,
				31FB6C052C8F1EDE00CEBFBC /* GoogleService-Info.plist in Resources */,
				316B78B72C708519007716E3 /* Base in Resources */,
				316B78B22C708515007716E3 /* Base in Resources */,
			);
			runOnlyForDeploymentPostprocessing = 0;
		};
/* End PBXResourcesBuildPhase section */

/* Begin PBXShellScriptBuildPhase section */
		619794772CCA3C2113B482C3 /* [CP] Copy Pods Resources */ = {
			isa = PBXShellScriptBuildPhase;
			buildActionMask = 2147483647;
			files = (
			);
			inputFileListPaths = (
				"${PODS_ROOT}/Target Support Files/Pods-ChatApplication/Pods-ChatApplication-resources-${CONFIGURATION}-input-files.xcfilelist",
			);
			name = "[CP] Copy Pods Resources";
			outputFileListPaths = (
				"${PODS_ROOT}/Target Support Files/Pods-ChatApplication/Pods-ChatApplication-resources-${CONFIGURATION}-output-files.xcfilelist",
			);
			runOnlyForDeploymentPostprocessing = 0;
			shellPath = /bin/sh;
			shellScript = "\"${PODS_ROOT}/Target Support Files/Pods-ChatApplication/Pods-ChatApplication-resources.sh\"\n";
			showEnvVarsInLog = 0;
		};
		B5DFE38C158F0B03E905043F /* [CP] Embed Pods Frameworks */ = {
			isa = PBXShellScriptBuildPhase;
			buildActionMask = 2147483647;
			files = (
			);
			inputFileListPaths = (
				"${PODS_ROOT}/Target Support Files/Pods-ChatApplication/Pods-ChatApplication-frameworks-${CONFIGURATION}-input-files.xcfilelist",
			);
			name = "[CP] Embed Pods Frameworks";
			outputFileListPaths = (
				"${PODS_ROOT}/Target Support Files/Pods-ChatApplication/Pods-ChatApplication-frameworks-${CONFIGURATION}-output-files.xcfilelist",
			);
			runOnlyForDeploymentPostprocessing = 0;
			shellPath = /bin/sh;
			shellScript = "\"${PODS_ROOT}/Target Support Files/Pods-ChatApplication/Pods-ChatApplication-frameworks.sh\"\n";
			showEnvVarsInLog = 0;
		};
		BEEEF1BAE3CDE2B04ACCA109 /* [CP] Check Pods Manifest.lock */ = {
			isa = PBXShellScriptBuildPhase;
			buildActionMask = 2147483647;
			files = (
			);
			inputFileListPaths = (
			);
			inputPaths = (
				"${PODS_PODFILE_DIR_PATH}/Podfile.lock",
				"${PODS_ROOT}/Manifest.lock",
			);
			name = "[CP] Check Pods Manifest.lock";
			outputFileListPaths = (
			);
			outputPaths = (
				"$(DERIVED_FILE_DIR)/Pods-ChatApplication-checkManifestLockResult.txt",
			);
			runOnlyForDeploymentPostprocessing = 0;
			shellPath = /bin/sh;
			shellScript = "diff \"${PODS_PODFILE_DIR_PATH}/Podfile.lock\" \"${PODS_ROOT}/Manifest.lock\" > /dev/null\nif [ $? != 0 ] ; then\n    # print error to STDERR\n    echo \"error: The sandbox is not in sync with the Podfile.lock. Run 'pod install' or update your CocoaPods installation.\" >&2\n    exit 1\nfi\n# This output is used by Xcode 'outputs' to avoid re-running this script phase.\necho \"SUCCESS\" > \"${SCRIPT_OUTPUT_FILE_0}\"\n";
			showEnvVarsInLog = 0;
		};
/* End PBXShellScriptBuildPhase section */

/* Begin PBXSourcesBuildPhase section */
		316B78A32C708515007716E3 /* Sources */ = {
			isa = PBXSourcesBuildPhase;
			buildActionMask = 2147483647;
			files = (
				316B78DB2C70A756007716E3 /* LoginViewController.swift in Sources */,
				316B78AF2C708515007716E3 /* ConversationViewController.swift in Sources */,
				316B78CD2C709FC0007716E3 /* NewConversationViewController.swift in Sources */,
				31C10E772C7F6ACF00CC6664 /* DatabaseManager.swift in Sources */,
				31CB249D2C806EFE005E12EE /* ChatAppUser.swift in Sources */,
				316B78D92C70A749007716E3 /* RegistrationViewController.swift in Sources */,
				316B78AB2C708515007716E3 /* AppDelegate.swift in Sources */,
				31C540B82C746DF000015E07 /* Extensions.swift in Sources */,
				316B78CB2C709EE8007716E3 /* VideoPlayerViewController.swift in Sources */,
				31B0124C2C9C1F0A0095C3EF /* ChatViewController.swift in Sources */,
				316B78AD2C708515007716E3 /* SceneDelegate.swift in Sources */,
				316B78CF2C709FDB007716E3 /* ProfileViewController.swift in Sources */,
				316B78C92C709ED5007716E3 /* PhotoViewerViewController.swift in Sources */,
			);
			runOnlyForDeploymentPostprocessing = 0;
		};
/* End PBXSourcesBuildPhase section */

/* Begin PBXVariantGroup section */
		316B78B02C708515007716E3 /* Main.storyboard */ = {
			isa = PBXVariantGroup;
			children = (
				316B78B12C708515007716E3 /* Base */,
			);
			name = Main.storyboard;
			sourceTree = "<group>";
		};
		316B78B52C708519007716E3 /* LaunchScreen.storyboard */ = {
			isa = PBXVariantGroup;
			children = (
				316B78B62C708519007716E3 /* Base */,
			);
			name = LaunchScreen.storyboard;
			sourceTree = "<group>";
		};
/* End PBXVariantGroup section */

/* Begin XCBuildConfiguration section */
		316B78B92C708519007716E3 /* Debug */ = {
			isa = XCBuildConfiguration;
			buildSettings = {
				ALWAYS_SEARCH_USER_PATHS = NO;
				ASSETCATALOG_COMPILER_GENERATE_SWIFT_ASSET_SYMBOL_EXTENSIONS = YES;
				CLANG_ANALYZER_NONNULL = YES;
				CLANG_ANALYZER_NUMBER_OBJECT_CONVERSION = YES_AGGRESSIVE;
				CLANG_CXX_LANGUAGE_STANDARD = "gnu++20";
				CLANG_ENABLE_MODULES = YES;
				CLANG_ENABLE_OBJC_ARC = YES;
				CLANG_ENABLE_OBJC_WEAK = YES;
				CLANG_WARN_BLOCK_CAPTURE_AUTORELEASING = YES;
				CLANG_WARN_BOOL_CONVERSION = YES;
				CLANG_WARN_COMMA = YES;
				CLANG_WARN_CONSTANT_CONVERSION = YES;
				CLANG_WARN_DEPRECATED_OBJC_IMPLEMENTATIONS = YES;
				CLANG_WARN_DIRECT_OBJC_ISA_USAGE = YES_ERROR;
				CLANG_WARN_DOCUMENTATION_COMMENTS = YES;
				CLANG_WARN_EMPTY_BODY = YES;
				CLANG_WARN_ENUM_CONVERSION = YES;
				CLANG_WARN_INFINITE_RECURSION = YES;
				CLANG_WARN_INT_CONVERSION = YES;
				CLANG_WARN_NON_LITERAL_NULL_CONVERSION = YES;
				CLANG_WARN_OBJC_IMPLICIT_RETAIN_SELF = YES;
				CLANG_WARN_OBJC_LITERAL_CONVERSION = YES;
				CLANG_WARN_OBJC_ROOT_CLASS = YES_ERROR;
				CLANG_WARN_QUOTED_INCLUDE_IN_FRAMEWORK_HEADER = YES;
				CLANG_WARN_RANGE_LOOP_ANALYSIS = YES;
				CLANG_WARN_STRICT_PROTOTYPES = YES;
				CLANG_WARN_SUSPICIOUS_MOVE = YES;
				CLANG_WARN_UNGUARDED_AVAILABILITY = YES_AGGRESSIVE;
				CLANG_WARN_UNREACHABLE_CODE = YES;
				CLANG_WARN__DUPLICATE_METHOD_MATCH = YES;
				COPY_PHASE_STRIP = NO;
				DEBUG_INFORMATION_FORMAT = dwarf;
				ENABLE_STRICT_OBJC_MSGSEND = YES;
				ENABLE_TESTABILITY = YES;
				ENABLE_USER_SCRIPT_SANDBOXING = YES;
				GCC_C_LANGUAGE_STANDARD = gnu17;
				GCC_DYNAMIC_NO_PIC = NO;
				GCC_NO_COMMON_BLOCKS = YES;
				GCC_OPTIMIZATION_LEVEL = 0;
				GCC_PREPROCESSOR_DEFINITIONS = (
					"DEBUG=1",
					"$(inherited)",
				);
				GCC_WARN_64_TO_32_BIT_CONVERSION = YES;
				GCC_WARN_ABOUT_RETURN_TYPE = YES_ERROR;
				GCC_WARN_UNDECLARED_SELECTOR = YES;
				GCC_WARN_UNINITIALIZED_AUTOS = YES_AGGRESSIVE;
				GCC_WARN_UNUSED_FUNCTION = YES;
				GCC_WARN_UNUSED_VARIABLE = YES;
				IPHONEOS_DEPLOYMENT_TARGET = 17.5;
				LOCALIZATION_PREFERS_STRING_CATALOGS = YES;
				MTL_ENABLE_DEBUG_INFO = INCLUDE_SOURCE;
				MTL_FAST_MATH = YES;
				ONLY_ACTIVE_ARCH = YES;
				SDKROOT = iphoneos;
				SWIFT_ACTIVE_COMPILATION_CONDITIONS = "DEBUG $(inherited)";
				SWIFT_OPTIMIZATION_LEVEL = "-Onone";
			};
			name = Debug;
		};
		316B78BA2C708519007716E3 /* Release */ = {
			isa = XCBuildConfiguration;
			buildSettings = {
				ALWAYS_SEARCH_USER_PATHS = NO;
				ASSETCATALOG_COMPILER_GENERATE_SWIFT_ASSET_SYMBOL_EXTENSIONS = YES;
				CLANG_ANALYZER_NONNULL = YES;
				CLANG_ANALYZER_NUMBER_OBJECT_CONVERSION = YES_AGGRESSIVE;
				CLANG_CXX_LANGUAGE_STANDARD = "gnu++20";
				CLANG_ENABLE_MODULES = YES;
				CLANG_ENABLE_OBJC_ARC = YES;
				CLANG_ENABLE_OBJC_WEAK = YES;
				CLANG_WARN_BLOCK_CAPTURE_AUTORELEASING = YES;
				CLANG_WARN_BOOL_CONVERSION = YES;
				CLANG_WARN_COMMA = YES;
				CLANG_WARN_CONSTANT_CONVERSION = YES;
				CLANG_WARN_DEPRECATED_OBJC_IMPLEMENTATIONS = YES;
				CLANG_WARN_DIRECT_OBJC_ISA_USAGE = YES_ERROR;
				CLANG_WARN_DOCUMENTATION_COMMENTS = YES;
				CLANG_WARN_EMPTY_BODY = YES;
				CLANG_WARN_ENUM_CONVERSION = YES;
				CLANG_WARN_INFINITE_RECURSION = YES;
				CLANG_WARN_INT_CONVERSION = YES;
				CLANG_WARN_NON_LITERAL_NULL_CONVERSION = YES;
				CLANG_WARN_OBJC_IMPLICIT_RETAIN_SELF = YES;
				CLANG_WARN_OBJC_LITERAL_CONVERSION = YES;
				CLANG_WARN_OBJC_ROOT_CLASS = YES_ERROR;
				CLANG_WARN_QUOTED_INCLUDE_IN_FRAMEWORK_HEADER = YES;
				CLANG_WARN_RANGE_LOOP_ANALYSIS = YES;
				CLANG_WARN_STRICT_PROTOTYPES = YES;
				CLANG_WARN_SUSPICIOUS_MOVE = YES;
				CLANG_WARN_UNGUARDED_AVAILABILITY = YES_AGGRESSIVE;
				CLANG_WARN_UNREACHABLE_CODE = YES;
				CLANG_WARN__DUPLICATE_METHOD_MATCH = YES;
				COPY_PHASE_STRIP = NO;
				DEBUG_INFORMATION_FORMAT = "dwarf-with-dsym";
				ENABLE_NS_ASSERTIONS = NO;
				ENABLE_STRICT_OBJC_MSGSEND = YES;
				ENABLE_USER_SCRIPT_SANDBOXING = YES;
				GCC_C_LANGUAGE_STANDARD = gnu17;
				GCC_NO_COMMON_BLOCKS = YES;
				GCC_WARN_64_TO_32_BIT_CONVERSION = YES;
				GCC_WARN_ABOUT_RETURN_TYPE = YES_ERROR;
				GCC_WARN_UNDECLARED_SELECTOR = YES;
				GCC_WARN_UNINITIALIZED_AUTOS = YES_AGGRESSIVE;
				GCC_WARN_UNUSED_FUNCTION = YES;
				GCC_WARN_UNUSED_VARIABLE = YES;
				IPHONEOS_DEPLOYMENT_TARGET = 17.5;
				LOCALIZATION_PREFERS_STRING_CATALOGS = YES;
				MTL_ENABLE_DEBUG_INFO = NO;
				MTL_FAST_MATH = YES;
				SDKROOT = iphoneos;
				SWIFT_COMPILATION_MODE = wholemodule;
				VALIDATE_PRODUCT = YES;
			};
			name = Release;
		};
		316B78BC2C708519007716E3 /* Debug */ = {
			isa = XCBuildConfiguration;
			baseConfigurationReference = BFAC3EEA8BA6DEA6A7FF11AD /* Pods-ChatApplication.debug.xcconfig */;
			buildSettings = {
				ASSETCATALOG_COMPILER_APPICON_NAME = AppIcon;
				ASSETCATALOG_COMPILER_GLOBAL_ACCENT_COLOR_NAME = AccentColor;
				CODE_SIGN_ENTITLEMENTS = ChatApplication/ChatApplication.entitlements;
				CODE_SIGN_STYLE = Automatic;
				CURRENT_PROJECT_VERSION = 1;
				DEVELOPMENT_TEAM = AKL52KQGPS;
				ENABLE_USER_SCRIPT_SANDBOXING = NO;
				GENERATE_INFOPLIST_FILE = YES;
				INFOPLIST_FILE = ChatApplication/Info.plist;
				INFOPLIST_KEY_NSCameraUsageDescription = "Please allow Access to take profile picture";
				INFOPLIST_KEY_NSPhotoLibraryAddUsageDescription = "Please allow access to select photo to your profile";
				INFOPLIST_KEY_UIApplicationSupportsIndirectInputEvents = YES;
				INFOPLIST_KEY_UILaunchStoryboardName = LaunchScreen;
				INFOPLIST_KEY_UIMainStoryboardFile = Main;
				INFOPLIST_KEY_UISupportedInterfaceOrientations = UIInterfaceOrientationPortrait;
				IPHONEOS_DEPLOYMENT_TARGET = 17.4;
				LD_RUNPATH_SEARCH_PATHS = (
					"$(inherited)",
					"@executable_path/Frameworks",
				);
				MARKETING_VERSION = 1.0;
				PRODUCT_BUNDLE_IDENTIFIER = LearnWithPurpose.ChatApplication;
				PRODUCT_NAME = "$(TARGET_NAME)";
				SWIFT_EMIT_LOC_STRINGS = YES;
				SWIFT_VERSION = 5.0;
				TARGETED_DEVICE_FAMILY = "1,2";
			};
			name = Debug;
		};
		316B78BD2C708519007716E3 /* Release */ = {
			isa = XCBuildConfiguration;
			baseConfigurationReference = EE6FFD250D9C07F8EFCACD85 /* Pods-ChatApplication.release.xcconfig */;
			buildSettings = {
				ASSETCATALOG_COMPILER_APPICON_NAME = AppIcon;
				ASSETCATALOG_COMPILER_GLOBAL_ACCENT_COLOR_NAME = AccentColor;
				CODE_SIGN_ENTITLEMENTS = ChatApplication/ChatApplication.entitlements;
				CODE_SIGN_STYLE = Automatic;
				CURRENT_PROJECT_VERSION = 1;
				DEVELOPMENT_TEAM = AKL52KQGPS;
				ENABLE_USER_SCRIPT_SANDBOXING = NO;
				GENERATE_INFOPLIST_FILE = YES;
				INFOPLIST_FILE = ChatApplication/Info.plist;
				INFOPLIST_KEY_NSCameraUsageDescription = "Please allow Access to take profile picture";
				INFOPLIST_KEY_NSPhotoLibraryAddUsageDescription = "Please allow access to select photo to your profile";
				INFOPLIST_KEY_UIApplicationSupportsIndirectInputEvents = YES;
				INFOPLIST_KEY_UILaunchStoryboardName = LaunchScreen;
				INFOPLIST_KEY_UIMainStoryboardFile = Main;
				INFOPLIST_KEY_UISupportedInterfaceOrientations = UIInterfaceOrientationPortrait;
				IPHONEOS_DEPLOYMENT_TARGET = 17.4;
				LD_RUNPATH_SEARCH_PATHS = (
					"$(inherited)",
					"@executable_path/Frameworks",
				);
				MARKETING_VERSION = 1.0;
				PRODUCT_BUNDLE_IDENTIFIER = LearnWithPurpose.ChatApplication;
				PRODUCT_NAME = "$(TARGET_NAME)";
				SWIFT_EMIT_LOC_STRINGS = YES;
				SWIFT_VERSION = 5.0;
				TARGETED_DEVICE_FAMILY = "1,2";
			};
			name = Release;
		};
/* End XCBuildConfiguration section */

/* Begin XCConfigurationList section */
		316B78A22C708515007716E3 /* Build configuration list for PBXProject "ChatApplication" */ = {
			isa = XCConfigurationList;
			buildConfigurations = (
				316B78B92C708519007716E3 /* Debug */,
				316B78BA2C708519007716E3 /* Release */,
			);
			defaultConfigurationIsVisible = 0;
			defaultConfigurationName = Release;
		};
		316B78BB2C708519007716E3 /* Build configuration list for PBXNativeTarget "ChatApplication" */ = {
			isa = XCConfigurationList;
			buildConfigurations = (
				316B78BC2C708519007716E3 /* Debug */,
				316B78BD2C708519007716E3 /* Release */,
			);
			defaultConfigurationIsVisible = 0;
			defaultConfigurationName = Release;
		};
/* End XCConfigurationList section */

/* Begin XCRemoteSwiftPackageReference section */
		31F6CDDF2C8333980052B739 /* XCRemoteSwiftPackageReference "facebook-ios-sdk" */ = {
			isa = XCRemoteSwiftPackageReference;
			repositoryURL = "https://github.com/facebook/facebook-ios-sdk";
			requirement = {
				kind = upToNextMajorVersion;
				minimumVersion = 14.1.0;
			};
		};
/* End XCRemoteSwiftPackageReference section */
	};
	rootObject = 316B789F2C708515007716E3 /* Project object */;
}
